
Microsoft Visual Studio Solution File, Format Version 12.00
# Visual Studio Version 17
VisualStudioVersion = 17.14.36429.23 d17.14
MinimumVisualStudioVersion = 10.0.40219.1
Project("{D954291E-2A0B-460D-934E-DC6B0785DB48}") = "shared", "shared.shproj", "{472CD50D-C917-466E-A71E-E9D49B69774A}"
EndProject
Project("{FAE04EC0-301F-11D3-BF4B-00C04F79EFBC}") = "version_2025", "version_2025\version_2025.csproj", "{DB5FEEB1-FA58-4B46-860B-F963DC64F596}"
EndProject
Global
	GlobalSection(SolutionConfigurationPlatforms) = preSolution
		Debug|Any CPU = Debug|Any CPU
		Release|Any CPU = Release|Any CPU
	EndGlobalSection
	GlobalSection(ProjectConfigurationPlatforms) = postSolution
		{DB5FEEB1-FA58-4B46-860B-F963DC64F596}.Debug|Any CPU.ActiveCfg = Debug|Any CPU
		{DB5FEEB1-FA58-4B46-860B-F963DC64F596}.Debug|Any CPU.Build.0 = Debug|Any CPU
		{DB5FEEB1-FA58-4B46-860B-F963DC64F596}.Release|Any CPU.ActiveCfg = Release|Any CPU
		{DB5FEEB1-FA58-4B46-860B-F963DC64F596}.Release|Any CPU.Build.0 = Release|Any CPU
	EndGlobalSection
	GlobalSection(SolutionProperties) = preSolution
		HideSolutionNode = FALSE
	EndGlobalSection
	GlobalSection(ExtensibilityGlobals) = postSolution
		SolutionGuid = {7A0E5E7D-11EE-4C39-ADE6-55B52FC987FE}
	EndGlobalSection
	GlobalSection(SharedMSBuildProjectFiles) = preSolution
		Language Replace.projitems*{472cd50d-c917-466e-a71e-e9d49b69774a}*SharedItemsImports = 13
		Language Replace.projitems*{db5feeb1-fa58-4b46-860b-f963dc64f596}*SharedItemsImports = 5
	EndGlobalSection
EndGlobal
